PODS:
  - Aardvark (3.4.1):
    - CoreAardvark (~> 2.0)
  - Alamofire (5.0.0-rc.3)
  - AttributedStringBuilder (1.1)
  - CoreAardvark (2.2.1)
  - MarqueeLabel (4.0.2)
  - NotificationBannerSwift (3.0.2):
    - MarqueeLabel (~> 4.0.0)
    - SnapKit (~> 5.0.0)
  - PureLayout (3.1.5)
  - R.swift (5.1.0):
    - R.swift.Library (~> 5.1.0)
  - R.swift.Library (5.1.0)
  - Realm (4.3.2):
    - Realm/Headers (= 4.3.2)
  - Realm/Headers (4.3.2)
  - RealmSwift (4.3.2):
    - Realm (= 4.3.2)
  - Reusable (4.1.0):
    - Reusable/Storyboard (= 4.1.0)
    - Reusable/View (= 4.1.0)
  - Reusable/Storyboard (4.1.0)
  - Reusable/View (4.1.0)
  - SnapKit (5.0.1)
  - SwiftyBeaver (1.8.4)
  - SwiftyJSON (5.0.0)

DEPENDENCIES:
  - Aardvark
  - Alamofire (~> 5.0.0-rc.3)
  - AttributedStringBuilder
  - NotificationBannerSwift
  - PureLayout
  - R.swift
  - RealmSwift
  - Reusable
  - SwiftyBeaver
  - SwiftyJSON

SPEC REPOS:
  trunk:
    - Aardvark
    - Alamofire
    - AttributedStringBuilder
    - CoreAardvark
    - MarqueeLabel
    - NotificationBannerSwift
    - PureLayout
    - R.swift
    - R.swift.Library
    - Realm
    - RealmSwift
    - Reusable
    - SnapKit
    - SwiftyBeaver
    - SwiftyJSON

SPEC CHECKSUMS:
  Aardvark: 5f21b5bdacbcd70507fc8855d18db0464440ca93
  Alamofire: ca8c0de6906873be89d6deec5c8de279e00bf872
  AttributedStringBuilder: 974bb0a88ec8fa5f33fc9861ad13815451ebf651
  CoreAardvark: c7d15935caf9285c4d48b3f5ddc3c1cb82c19718
  MarqueeLabel: f762aa681ae201f66c1d511858b171f75d83013a
  NotificationBannerSwift: 713e20f21b6105f4a36a00e5d9fa414a930d3d8e
  PureLayout: 9b4ad47b2f0388c84ff534af23d96e720c1b875a
  R.swift: 8cbc4fc69b740305b6a17c8a8ed968eb788962d9
  R.swift.Library: fa85ce1e0d0b7e818cd9e080df910ba54d2776cc
  Realm: 5e92902e2875dff4bb0fd02f67bb737c3d5db2bc
  RealmSwift: 9a360fc7bae04fc2e308a34fbd899d5faa2d6b22
  Reusable: 82be188f29d96dc5eff0db7b2393bcc08d2cdd5b
  SnapKit: 97b92857e3df3a0c71833cce143274bf6ef8e5eb
  SwiftyBeaver: f9a9aba96a6a6166e21682377804d728b0d20b95
  SwiftyJSON: 36413e04c44ee145039d332b4f4e2d3e8d6c4db7

PODFILE CHECKSUM: ce59b86cbe88a8ba1edbd60bb53e6ad051b45fde

COCOAPODS: 1.8.4
