// !$*UTF8*$!
{
	archiveVersion = 1;
	classes = {
	};
	objectVersion = 51;
	objects = {

/* Begin PBXBuildFile section */
		C14364320B82766E8C00609B /* Pods_ChaiTests.framework in Frameworks */ = {isa = PBXBuildFile; fileRef = 4942ECA67895B00322F6590D /* Pods_ChaiTests.framework */; };
		E52E012E23F14563001D48F5 /* R.generated.swift in Sources */ = {isa = PBXBuildFile; fileRef = E52E012D23F14563001D48F5 /* R.generated.swift */; };
		E52E846923F2C26A00B6591A /* DebitOrderViewController.swift in Sources */ = {isa = PBXBuildFile; fileRef = E52E846823F2C26A00B6591A /* DebitOrderViewController.swift */; };
		E52E846B23F2C28F00B6591A /* SavingsController.swift in Sources */ = {isa = PBXBuildFile; fileRef = E52E846A23F2C28F00B6591A /* SavingsController.swift */; };
		E52E846D23F2C29E00B6591A /* DebitOrderView.swift in Sources */ = {isa = PBXBuildFile; fileRef = E52E846C23F2C29E00B6591A /* DebitOrderView.swift */; };
		E52E846F23F2C55F00B6591A /* DebitOrderCell.swift in Sources */ = {isa = PBXBuildFile; fileRef = E52E846E23F2C55F00B6591A /* DebitOrderCell.swift */; };
		E52E847123F2C59200B6591A /* BaseTableViewCell.swift in Sources */ = {isa = PBXBuildFile; fileRef = E52E847023F2C59200B6591A /* BaseTableViewCell.swift */; };
		E52E847523F2C7C500B6591A /* DebitOrder.swift in Sources */ = {isa = PBXBuildFile; fileRef = E52E847423F2C7C500B6591A /* DebitOrder.swift */; };
		E52E847723F2CF2200B6591A /* AppCardView.swift in Sources */ = {isa = PBXBuildFile; fileRef = E52E847623F2CF2200B6591A /* AppCardView.swift */; };
		E52E847A23F2D11000B6591A /* DebitOrderDataService.swift in Sources */ = {isa = PBXBuildFile; fileRef = E52E847923F2D11000B6591A /* DebitOrderDataService.swift */; };
		E52E847C23F2D14E00B6591A /* DebitOrderContext.swift in Sources */ = {isa = PBXBuildFile; fileRef = E52E847B23F2D14E00B6591A /* DebitOrderContext.swift */; };
		E52E847F23F2FD1900B6591A /* LoadingTableCell.swift in Sources */ = {isa = PBXBuildFile; fileRef = E52E847E23F2FD1900B6591A /* LoadingTableCell.swift */; };
		E52E848123F4045600B6591A /* NumberFormatter+App.swift in Sources */ = {isa = PBXBuildFile; fileRef = E52E848023F4045600B6591A /* NumberFormatter+App.swift */; };
		E52E848323F404DC00B6591A /* NumberHelper.swift in Sources */ = {isa = PBXBuildFile; fileRef = E52E848223F404DC00B6591A /* NumberHelper.swift */; };
		E52E848723F4078700B6591A /* APIService.swift in Sources */ = {isa = PBXBuildFile; fileRef = E52E848623F4078700B6591A /* APIService.swift */; };
		E52E848A23F413BC00B6591A /* PrepaidElectricityController.swift in Sources */ = {isa = PBXBuildFile; fileRef = E52E848923F413BC00B6591A /* PrepaidElectricityController.swift */; };
		E52E848C23F4140E00B6591A /* PrepaidElectricityDataService.swift in Sources */ = {isa = PBXBuildFile; fileRef = E52E848B23F4140E00B6591A /* PrepaidElectricityDataService.swift */; };
		E52E848E23F414DF00B6591A /* PrepaidElectricity.swift in Sources */ = {isa = PBXBuildFile; fileRef = E52E848D23F414DF00B6591A /* PrepaidElectricity.swift */; };
		E52E849023F41A3C00B6591A /* PrepaidElectricityView.swift in Sources */ = {isa = PBXBuildFile; fileRef = E52E848F23F41A3C00B6591A /* PrepaidElectricityView.swift */; };
		E52E849223F41C8800B6591A /* PrepaidElectricityContext.swift in Sources */ = {isa = PBXBuildFile; fileRef = E52E849123F41C8800B6591A /* PrepaidElectricityContext.swift */; };
		E52E849423F41E8000B6591A /* PrepaidElectricityCell.swift in Sources */ = {isa = PBXBuildFile; fileRef = E52E849323F41E8000B6591A /* PrepaidElectricityCell.swift */; };
		E53DA5E723F44DD9000D0914 /* Pods_Chai.framework in Frameworks */ = {isa = PBXBuildFile; fileRef = E47E968F9BF2E24220D64EAA /* Pods_Chai.framework */; };
		E53DA63723F491AF000D0914 /* BaseDataProvider.swift in Sources */ = {isa = PBXBuildFile; fileRef = E53DA63623F491AF000D0914 /* BaseDataProvider.swift */; };
		E53DA63923F497BA000D0914 /* ProviderQueryOptions.swift in Sources */ = {isa = PBXBuildFile; fileRef = E53DA63823F497BA000D0914 /* ProviderQueryOptions.swift */; };
		E53DA63B23F49AA6000D0914 /* DataProviderBindTarget.swift in Sources */ = {isa = PBXBuildFile; fileRef = E53DA63A23F49AA6000D0914 /* DataProviderBindTarget.swift */; };
		E53DA63D23F50D41000D0914 /* SavingsView.swift in Sources */ = {isa = PBXBuildFile; fileRef = E53DA63C23F50D41000D0914 /* SavingsView.swift */; };
		E53DA63F23F50ED7000D0914 /* SavingsAPIService.swift in Sources */ = {isa = PBXBuildFile; fileRef = E53DA63E23F50ED7000D0914 /* SavingsAPIService.swift */; };
		E53DA64123F50FC3000D0914 /* Saving.swift in Sources */ = {isa = PBXBuildFile; fileRef = E53DA64023F50FC3000D0914 /* Saving.swift */; };
		E53DA64323F510E2000D0914 /* SavingContext.swift in Sources */ = {isa = PBXBuildFile; fileRef = E53DA64223F510E2000D0914 /* SavingContext.swift */; };
		E53DA64523F5192A000D0914 /* SavingsCell.swift in Sources */ = {isa = PBXBuildFile; fileRef = E53DA64423F5192A000D0914 /* SavingsCell.swift */; };
		E53DA64723F52470000D0914 /* UIColor+App.swift in Sources */ = {isa = PBXBuildFile; fileRef = E53DA64623F52470000D0914 /* UIColor+App.swift */; };
		E53DA64D23F53625000D0914 /* CGSize+App.swift in Sources */ = {isa = PBXBuildFile; fileRef = E53DA64C23F53625000D0914 /* CGSize+App.swift */; };
		E53DA65123F5389A000D0914 /* TotalSummaryView.swift in Sources */ = {isa = PBXBuildFile; fileRef = E53DA65023F5389A000D0914 /* TotalSummaryView.swift */; };
		E585F3D5223AF60B00AC012B /* MainView.swift in Sources */ = {isa = PBXBuildFile; fileRef = E585F3D4223AF60B00AC012B /* MainView.swift */; };
		E59C29A122365D3B00F28A90 /* AppDelegate.swift in Sources */ = {isa = PBXBuildFile; fileRef = E59C29A022365D3B00F28A90 /* AppDelegate.swift */; };
		E59C29A822365D3C00F28A90 /* Main.storyboard in Resources */ = {isa = PBXBuildFile; fileRef = E59C29A622365D3C00F28A90 /* Main.storyboard */; };
		E59C29AA22365D3D00F28A90 /* Assets.xcassets in Resources */ = {isa = PBXBuildFile; fileRef = E59C29A922365D3D00F28A90 /* Assets.xcassets */; };
		E59C29AD22365D3D00F28A90 /* LaunchScreen.storyboard in Resources */ = {isa = PBXBuildFile; fileRef = E59C29AB22365D3D00F28A90 /* LaunchScreen.storyboard */; };
		E59C29B822365D3D00F28A90 /* ChaiTests.swift in Sources */ = {isa = PBXBuildFile; fileRef = E59C29B722365D3D00F28A90 /* ChaiTests.swift */; };
		E59C29CB223665E400F28A90 /* BaseViewController.swift in Sources */ = {isa = PBXBuildFile; fileRef = E59C29CA223665E400F28A90 /* BaseViewController.swift */; };
		E59C29CD2236667F00F28A90 /* BaseView.swift in Sources */ = {isa = PBXBuildFile; fileRef = E59C29CC2236667F00F28A90 /* BaseView.swift */; };
		E59C29D122368B1000F28A90 /* StyleHelper.swift in Sources */ = {isa = PBXBuildFile; fileRef = E59C29D022368B1000F28A90 /* StyleHelper.swift */; };
		E59C29D622368D9B00F28A90 /* Array+App.swift in Sources */ = {isa = PBXBuildFile; fileRef = E59C29D522368D9B00F28A90 /* Array+App.swift */; };
		E5B5157922CDC01F00B36BE3 /* MainController.swift in Sources */ = {isa = PBXBuildFile; fileRef = E5B5157822CDC01F00B36BE3 /* MainController.swift */; };
		E5B5157D22CDC07600B36BE3 /* AppButton.swift in Sources */ = {isa = PBXBuildFile; fileRef = E5B5157C22CDC07600B36BE3 /* AppButton.swift */; };
		E5B5158122CDC1FD00B36BE3 /* UIView+App.swift in Sources */ = {isa = PBXBuildFile; fileRef = E5B5158022CDC1FD00B36BE3 /* UIView+App.swift */; };
		E5B5158722CE70BE00B36BE3 /* Media.xcassets in Resources */ = {isa = PBXBuildFile; fileRef = E5B5158622CE70BE00B36BE3 /* Media.xcassets */; };
		E5B5158922CE70D200B36BE3 /* Localizable.strings in Resources */ = {isa = PBXBuildFile; fileRef = E5B5158822CE70D200B36BE3 /* Localizable.strings */; };
		E5B5159022CF22A000B36BE3 /* AcceptCancelButtonView.swift in Sources */ = {isa = PBXBuildFile; fileRef = E5B5158F22CF22A000B36BE3 /* AcceptCancelButtonView.swift */; };
		E5B515A922D37E2000B36BE3 /* BlankTableCell.swift in Sources */ = {isa = PBXBuildFile; fileRef = E5B515A822D37E2000B36BE3 /* BlankTableCell.swift */; };
		E5B515AE22D386F800B36BE3 /* BannerService.swift in Sources */ = {isa = PBXBuildFile; fileRef = E5B515AD22D386F800B36BE3 /* BannerService.swift */; };
		E5B515B122D392DA00B36BE3 /* MoodViewController.swift in Sources */ = {isa = PBXBuildFile; fileRef = E5B515B022D392DA00B36BE3 /* MoodViewController.swift */; };
		E5B515B322D392EA00B36BE3 /* MoodView.swift in Sources */ = {isa = PBXBuildFile; fileRef = E5B515B222D392EA00B36BE3 /* MoodView.swift */; };
		E5B515B522D49DD100B36BE3 /* Date+App.swift in Sources */ = {isa = PBXBuildFile; fileRef = E5B515B422D49DD100B36BE3 /* Date+App.swift */; };
		E5B515B822D4AE0000B36BE3 /* DBManager.swift in Sources */ = {isa = PBXBuildFile; fileRef = E5B515B722D4AE0000B36BE3 /* DBManager.swift */; };
		E5B515BA22D4BBEE00B36BE3 /* BaseObject.swift in Sources */ = {isa = PBXBuildFile; fileRef = E5B515B922D4BBEE00B36BE3 /* BaseObject.swift */; };
		E5B515BC22D4C99000B36BE3 /* MigrationService.swift in Sources */ = {isa = PBXBuildFile; fileRef = E5B515BB22D4C99000B36BE3 /* MigrationService.swift */; };
		E5B515BE22D4D49C00B36BE3 /* MoodCategory.swift in Sources */ = {isa = PBXBuildFile; fileRef = E5B515BD22D4D49C00B36BE3 /* MoodCategory.swift */; };
		E5B515C022D4DA0300B36BE3 /* Mood.swift in Sources */ = {isa = PBXBuildFile; fileRef = E5B515BF22D4DA0300B36BE3 /* Mood.swift */; };
		E5B866F922DE5483008427B6 /* ReminderContextTests.swift in Sources */ = {isa = PBXBuildFile; fileRef = E5B866F822DE5483008427B6 /* ReminderContextTests.swift */; };
		E5BB545822D6229600206F82 /* AttentionViewController.swift in Sources */ = {isa = PBXBuildFile; fileRef = E5BB545722D6229600206F82 /* AttentionViewController.swift */; };
		E5BB545A22D622A100206F82 /* AttentionView.swift in Sources */ = {isa = PBXBuildFile; fileRef = E5BB545922D622A100206F82 /* AttentionView.swift */; };
		E5BB545E22D6328800206F82 /* MoodContext.swift in Sources */ = {isa = PBXBuildFile; fileRef = E5BB545D22D6328800206F82 /* MoodContext.swift */; };
		E5BB546022D637D900206F82 /* BlankCollectionCell.swift in Sources */ = {isa = PBXBuildFile; fileRef = E5BB545F22D637D900206F82 /* BlankCollectionCell.swift */; };
		E5BB546422D6543300206F82 /* AttentionType.swift in Sources */ = {isa = PBXBuildFile; fileRef = E5BB546322D6543300206F82 /* AttentionType.swift */; };
		E5BB546622D6675200206F82 /* UIEdgeInsets+App.swift in Sources */ = {isa = PBXBuildFile; fileRef = E5BB546522D6675200206F82 /* UIEdgeInsets+App.swift */; };
		E5BB546A22D76A0300206F82 /* String+Kalido.swift in Sources */ = {isa = PBXBuildFile; fileRef = E5BB546922D76A0300206F82 /* String+Kalido.swift */; };
		E5C760CD232F64010001886C /* BaseService.swift in Sources */ = {isa = PBXBuildFile; fileRef = E5C760CC232F64010001886C /* BaseService.swift */; };
		E5C760CF232F645C0001886C /* LoggingService.swift in Sources */ = {isa = PBXBuildFile; fileRef = E5C760CE232F645C0001886C /* LoggingService.swift */; };
		E5C760D1232F64910001886C /* CrashService.swift in Sources */ = {isa = PBXBuildFile; fileRef = E5C760D0232F64910001886C /* CrashService.swift */; };
/* End PBXBuildFile section */

/* Begin PBXContainerItemProxy section */
		E59C29B422365D3D00F28A90 /* PBXContainerItemProxy */ = {
			isa = PBXContainerItemProxy;
			containerPortal = E59C299522365D3B00F28A90 /* Project object */;
			proxyType = 1;
			remoteGlobalIDString = E59C299C22365D3B00F28A90;
			remoteInfo = Chai;
		};
/* End PBXContainerItemProxy section */

/* Begin PBXFileReference section */
		1C914FA4A4961069AC18A71C /* Pods-ChaiTests.release.xcconfig */ = {isa = PBXFileReference; includeInIndex = 1; lastKnownFileType = text.xcconfig; name = "Pods-ChaiTests.release.xcconfig"; path = "Pods/Target Support Files/Pods-ChaiTests/Pods-ChaiTests.release.xcconfig"; sourceTree = "<group>"; };
		4942ECA67895B00322F6590D /* Pods_ChaiTests.framework */ = {isa = PBXFileReference; explicitFileType = wrapper.framework; includeInIndex = 0; path = Pods_ChaiTests.framework; sourceTree = BUILT_PRODUCTS_DIR; };
		53A41775A048AFF0E202A9FF /* Pods-Chai.debug.xcconfig */ = {isa = PBXFileReference; includeInIndex = 1; lastKnownFileType = text.xcconfig; name = "Pods-Chai.debug.xcconfig"; path = "Pods/Target Support Files/Pods-Chai/Pods-Chai.debug.xcconfig"; sourceTree = "<group>"; };
		56050B1AFB5429D90ED038A5 /* Pods-Chai.release.xcconfig */ = {isa = PBXFileReference; includeInIndex = 1; lastKnownFileType = text.xcconfig; name = "Pods-Chai.release.xcconfig"; path = "Pods/Target Support Files/Pods-Chai/Pods-Chai.release.xcconfig"; sourceTree = "<group>"; };
		E47E968F9BF2E24220D64EAA /* Pods_Chai.framework */ = {isa = PBXFileReference; explicitFileType = wrapper.framework; includeInIndex = 0; path = Pods_Chai.framework; sourceTree = BUILT_PRODUCTS_DIR; };
		E52E012D23F14563001D48F5 /* R.generated.swift */ = {isa = PBXFileReference; fileEncoding = 4; lastKnownFileType = sourcecode.swift; path = R.generated.swift; sourceTree = SOURCE_ROOT; };
		E52E846823F2C26A00B6591A /* DebitOrderViewController.swift */ = {isa = PBXFileReference; lastKnownFileType = sourcecode.swift; path = DebitOrderViewController.swift; sourceTree = "<group>"; };
		E52E846A23F2C28F00B6591A /* SavingsController.swift */ = {isa = PBXFileReference; lastKnownFileType = sourcecode.swift; path = SavingsController.swift; sourceTree = "<group>"; };
		E52E846C23F2C29E00B6591A /* DebitOrderView.swift */ = {isa = PBXFileReference; lastKnownFileType = sourcecode.swift; path = DebitOrderView.swift; sourceTree = "<group>"; };
		E52E846E23F2C55F00B6591A /* DebitOrderCell.swift */ = {isa = PBXFileReference; lastKnownFileType = sourcecode.swift; path = DebitOrderCell.swift; sourceTree = "<group>"; };
		E52E847023F2C59200B6591A /* BaseTableViewCell.swift */ = {isa = PBXFileReference; lastKnownFileType = sourcecode.swift; path = BaseTableViewCell.swift; sourceTree = "<group>"; };
		E52E847423F2C7C500B6591A /* DebitOrder.swift */ = {isa = PBXFileReference; lastKnownFileType = sourcecode.swift; path = DebitOrder.swift; sourceTree = "<group>"; };
		E52E847623F2CF2200B6591A /* AppCardView.swift */ = {isa = PBXFileReference; lastKnownFileType = sourcecode.swift; path = AppCardView.swift; sourceTree = "<group>"; };
		E52E847923F2D11000B6591A /* DebitOrderDataService.swift */ = {isa = PBXFileReference; lastKnownFileType = sourcecode.swift; path = DebitOrderDataService.swift; sourceTree = "<group>"; };
		E52E847B23F2D14E00B6591A /* DebitOrderContext.swift */ = {isa = PBXFileReference; lastKnownFileType = sourcecode.swift; path = DebitOrderContext.swift; sourceTree = "<group>"; };
		E52E847E23F2FD1900B6591A /* LoadingTableCell.swift */ = {isa = PBXFileReference; lastKnownFileType = sourcecode.swift; path = LoadingTableCell.swift; sourceTree = "<group>"; };
		E52E848023F4045600B6591A /* NumberFormatter+App.swift */ = {isa = PBXFileReference; lastKnownFileType = sourcecode.swift; path = "NumberFormatter+App.swift"; sourceTree = "<group>"; };
		E52E848223F404DC00B6591A /* NumberHelper.swift */ = {isa = PBXFileReference; lastKnownFileType = sourcecode.swift; path = NumberHelper.swift; sourceTree = "<group>"; };
		E52E848623F4078700B6591A /* APIService.swift */ = {isa = PBXFileReference; lastKnownFileType = sourcecode.swift; path = APIService.swift; sourceTree = "<group>"; };
		E52E848923F413BC00B6591A /* PrepaidElectricityController.swift */ = {isa = PBXFileReference; lastKnownFileType = sourcecode.swift; path = PrepaidElectricityController.swift; sourceTree = "<group>"; };
		E52E848B23F4140E00B6591A /* PrepaidElectricityDataService.swift */ = {isa = PBXFileReference; lastKnownFileType = sourcecode.swift; path = PrepaidElectricityDataService.swift; sourceTree = "<group>"; };
		E52E848D23F414DF00B6591A /* PrepaidElectricity.swift */ = {isa = PBXFileReference; lastKnownFileType = sourcecode.swift; path = PrepaidElectricity.swift; sourceTree = "<group>"; };
		E52E848F23F41A3C00B6591A /* PrepaidElectricityView.swift */ = {isa = PBXFileReference; lastKnownFileType = sourcecode.swift; path = PrepaidElectricityView.swift; sourceTree = "<group>"; };
		E52E849123F41C8800B6591A /* PrepaidElectricityContext.swift */ = {isa = PBXFileReference; lastKnownFileType = sourcecode.swift; path = PrepaidElectricityContext.swift; sourceTree = "<group>"; };
		E52E849323F41E8000B6591A /* PrepaidElectricityCell.swift */ = {isa = PBXFileReference; lastKnownFileType = sourcecode.swift; path = PrepaidElectricityCell.swift; sourceTree = "<group>"; };
		E53DA5E323F44DC4000D0914 /* Aardvark.framework */ = {isa = PBXFileReference; explicitFileType = wrapper.framework; path = Aardvark.framework; sourceTree = BUILT_PRODUCTS_DIR; };
		E53DA63623F491AF000D0914 /* BaseDataProvider.swift */ = {isa = PBXFileReference; lastKnownFileType = sourcecode.swift; path = BaseDataProvider.swift; sourceTree = "<group>"; };
		E53DA63823F497BA000D0914 /* ProviderQueryOptions.swift */ = {isa = PBXFileReference; lastKnownFileType = sourcecode.swift; path = ProviderQueryOptions.swift; sourceTree = "<group>"; };
		E53DA63A23F49AA6000D0914 /* DataProviderBindTarget.swift */ = {isa = PBXFileReference; lastKnownFileType = sourcecode.swift; path = DataProviderBindTarget.swift; sourceTree = "<group>"; };
		E53DA63C23F50D41000D0914 /* SavingsView.swift */ = {isa = PBXFileReference; lastKnownFileType = sourcecode.swift; path = SavingsView.swift; sourceTree = "<group>"; };
		E53DA63E23F50ED7000D0914 /* SavingsAPIService.swift */ = {isa = PBXFileReference; lastKnownFileType = sourcecode.swift; path = SavingsAPIService.swift; sourceTree = "<group>"; };
		E53DA64023F50FC3000D0914 /* Saving.swift */ = {isa = PBXFileReference; lastKnownFileType = sourcecode.swift; path = Saving.swift; sourceTree = "<group>"; };
		E53DA64223F510E2000D0914 /* SavingContext.swift */ = {isa = PBXFileReference; lastKnownFileType = sourcecode.swift; path = SavingContext.swift; sourceTree = "<group>"; };
		E53DA64423F5192A000D0914 /* SavingsCell.swift */ = {isa = PBXFileReference; lastKnownFileType = sourcecode.swift; path = SavingsCell.swift; sourceTree = "<group>"; };
		E53DA64623F52470000D0914 /* UIColor+App.swift */ = {isa = PBXFileReference; lastKnownFileType = sourcecode.swift; path = "UIColor+App.swift"; sourceTree = "<group>"; };
		E53DA64C23F53625000D0914 /* CGSize+App.swift */ = {isa = PBXFileReference; lastKnownFileType = sourcecode.swift; path = "CGSize+App.swift"; sourceTree = "<group>"; };
		E53DA65023F5389A000D0914 /* TotalSummaryView.swift */ = {isa = PBXFileReference; lastKnownFileType = sourcecode.swift; path = TotalSummaryView.swift; sourceTree = "<group>"; };
		E585F3D4223AF60B00AC012B /* MainView.swift */ = {isa = PBXFileReference; lastKnownFileType = sourcecode.swift; path = MainView.swift; sourceTree = "<group>"; };
		E59C299D22365D3B00F28A90 /* Chai.app */ = {isa = PBXFileReference; explicitFileType = wrapper.application; includeInIndex = 0; path = Chai.app; sourceTree = BUILT_PRODUCTS_DIR; };
		E59C29A022365D3B00F28A90 /* AppDelegate.swift */ = {isa = PBXFileReference; lastKnownFileType = sourcecode.swift; path = AppDelegate.swift; sourceTree = "<group>"; };
		E59C29A722365D3C00F28A90 /* Base */ = {isa = PBXFileReference; lastKnownFileType = file.storyboard; name = Base; path = Base.lproj/Main.storyboard; sourceTree = "<group>"; };
		E59C29A922365D3D00F28A90 /* Assets.xcassets */ = {isa = PBXFileReference; lastKnownFileType = folder.assetcatalog; path = Assets.xcassets; sourceTree = "<group>"; };
		E59C29AC22365D3D00F28A90 /* Base */ = {isa = PBXFileReference; lastKnownFileType = file.storyboard; name = Base; path = Base.lproj/LaunchScreen.storyboard; sourceTree = "<group>"; };
		E59C29AE22365D3D00F28A90 /* Info.plist */ = {isa = PBXFileReference; lastKnownFileType = text.plist.xml; path = Info.plist; sourceTree = "<group>"; };
		E59C29B322365D3D00F28A90 /* ChaiTests.xctest */ = {isa = PBXFileReference; explicitFileType = wrapper.cfbundle; includeInIndex = 0; path = ChaiTests.xctest; sourceTree = BUILT_PRODUCTS_DIR; };
		E59C29B722365D3D00F28A90 /* ChaiTests.swift */ = {isa = PBXFileReference; lastKnownFileType = sourcecode.swift; path = ChaiTests.swift; sourceTree = "<group>"; };
		E59C29B922365D3D00F28A90 /* Info.plist */ = {isa = PBXFileReference; lastKnownFileType = text.plist.xml; path = Info.plist; sourceTree = "<group>"; };
		E59C29CA223665E400F28A90 /* BaseViewController.swift */ = {isa = PBXFileReference; lastKnownFileType = sourcecode.swift; path = BaseViewController.swift; sourceTree = "<group>"; };
		E59C29CC2236667F00F28A90 /* BaseView.swift */ = {isa = PBXFileReference; lastKnownFileType = sourcecode.swift; path = BaseView.swift; sourceTree = "<group>"; };
		E59C29D022368B1000F28A90 /* StyleHelper.swift */ = {isa = PBXFileReference; lastKnownFileType = sourcecode.swift; path = StyleHelper.swift; sourceTree = "<group>"; };
		E59C29D522368D9B00F28A90 /* Array+App.swift */ = {isa = PBXFileReference; lastKnownFileType = sourcecode.swift; path = "Array+App.swift"; sourceTree = "<group>"; };
		E5B5157822CDC01F00B36BE3 /* MainController.swift */ = {isa = PBXFileReference; fileEncoding = 4; lastKnownFileType = sourcecode.swift; path = MainController.swift; sourceTree = "<group>"; };
		E5B5157C22CDC07600B36BE3 /* AppButton.swift */ = {isa = PBXFileReference; lastKnownFileType = sourcecode.swift; path = AppButton.swift; sourceTree = "<group>"; };
		E5B5158022CDC1FD00B36BE3 /* UIView+App.swift */ = {isa = PBXFileReference; lastKnownFileType = sourcecode.swift; path = "UIView+App.swift"; sourceTree = "<group>"; };
		E5B5158622CE70BE00B36BE3 /* Media.xcassets */ = {isa = PBXFileReference; lastKnownFileType = folder.assetcatalog; path = Media.xcassets; sourceTree = "<group>"; };
		E5B5158822CE70D200B36BE3 /* Localizable.strings */ = {isa = PBXFileReference; lastKnownFileType = text.plist.strings; path = Localizable.strings; sourceTree = "<group>"; };
		E5B5158F22CF22A000B36BE3 /* AcceptCancelButtonView.swift */ = {isa = PBXFileReference; lastKnownFileType = sourcecode.swift; path = AcceptCancelButtonView.swift; sourceTree = "<group>"; };
		E5B515A822D37E2000B36BE3 /* BlankTableCell.swift */ = {isa = PBXFileReference; lastKnownFileType = sourcecode.swift; path = BlankTableCell.swift; sourceTree = "<group>"; };
		E5B515AD22D386F800B36BE3 /* BannerService.swift */ = {isa = PBXFileReference; lastKnownFileType = sourcecode.swift; path = BannerService.swift; sourceTree = "<group>"; };
		E5B515B022D392DA00B36BE3 /* MoodViewController.swift */ = {isa = PBXFileReference; lastKnownFileType = sourcecode.swift; path = MoodViewController.swift; sourceTree = "<group>"; };
		E5B515B222D392EA00B36BE3 /* MoodView.swift */ = {isa = PBXFileReference; lastKnownFileType = sourcecode.swift; path = MoodView.swift; sourceTree = "<group>"; };
		E5B515B422D49DD100B36BE3 /* Date+App.swift */ = {isa = PBXFileReference; lastKnownFileType = sourcecode.swift; path = "Date+App.swift"; sourceTree = "<group>"; };
		E5B515B722D4AE0000B36BE3 /* DBManager.swift */ = {isa = PBXFileReference; lastKnownFileType = sourcecode.swift; path = DBManager.swift; sourceTree = "<group>"; };
		E5B515B922D4BBEE00B36BE3 /* BaseObject.swift */ = {isa = PBXFileReference; lastKnownFileType = sourcecode.swift; path = BaseObject.swift; sourceTree = "<group>"; };
		E5B515BB22D4C99000B36BE3 /* MigrationService.swift */ = {isa = PBXFileReference; lastKnownFileType = sourcecode.swift; path = MigrationService.swift; sourceTree = "<group>"; };
		E5B515BD22D4D49C00B36BE3 /* MoodCategory.swift */ = {isa = PBXFileReference; lastKnownFileType = sourcecode.swift; path = MoodCategory.swift; sourceTree = "<group>"; };
		E5B515BF22D4DA0300B36BE3 /* Mood.swift */ = {isa = PBXFileReference; lastKnownFileType = sourcecode.swift; path = Mood.swift; sourceTree = "<group>"; };
		E5B866F822DE5483008427B6 /* ReminderContextTests.swift */ = {isa = PBXFileReference; lastKnownFileType = sourcecode.swift; path = ReminderContextTests.swift; sourceTree = "<group>"; };
		E5BB545722D6229600206F82 /* AttentionViewController.swift */ = {isa = PBXFileReference; lastKnownFileType = sourcecode.swift; path = AttentionViewController.swift; sourceTree = "<group>"; };
		E5BB545922D622A100206F82 /* AttentionView.swift */ = {isa = PBXFileReference; lastKnownFileType = sourcecode.swift; path = AttentionView.swift; sourceTree = "<group>"; };
		E5BB545D22D6328800206F82 /* MoodContext.swift */ = {isa = PBXFileReference; lastKnownFileType = sourcecode.swift; path = MoodContext.swift; sourceTree = "<group>"; };
		E5BB545F22D637D900206F82 /* BlankCollectionCell.swift */ = {isa = PBXFileReference; lastKnownFileType = sourcecode.swift; path = BlankCollectionCell.swift; sourceTree = "<group>"; };
		E5BB546322D6543300206F82 /* AttentionType.swift */ = {isa = PBXFileReference; lastKnownFileType = sourcecode.swift; path = AttentionType.swift; sourceTree = "<group>"; };
		E5BB546522D6675200206F82 /* UIEdgeInsets+App.swift */ = {isa = PBXFileReference; lastKnownFileType = sourcecode.swift; path = "UIEdgeInsets+App.swift"; sourceTree = "<group>"; };
		E5BB546922D76A0300206F82 /* String+Kalido.swift */ = {isa = PBXFileReference; lastKnownFileType = sourcecode.swift; path = "String+Kalido.swift"; sourceTree = "<group>"; };
		E5C760CC232F64010001886C /* BaseService.swift */ = {isa = PBXFileReference; lastKnownFileType = sourcecode.swift; path = BaseService.swift; sourceTree = "<group>"; };
		E5C760CE232F645C0001886C /* LoggingService.swift */ = {isa = PBXFileReference; lastKnownFileType = sourcecode.swift; path = LoggingService.swift; sourceTree = "<group>"; };
		E5C760D0232F64910001886C /* CrashService.swift */ = {isa = PBXFileReference; lastKnownFileType = sourcecode.swift; path = CrashService.swift; sourceTree = "<group>"; };
		F8547553B9CEDD6FC06D9E3B /* Pods-ChaiTests.debug.xcconfig */ = {isa = PBXFileReference; includeInIndex = 1; lastKnownFileType = text.xcconfig; name = "Pods-ChaiTests.debug.xcconfig"; path = "Pods/Target Support Files/Pods-ChaiTests/Pods-ChaiTests.debug.xcconfig"; sourceTree = "<group>"; };
/* End PBXFileReference section */

/* Begin PBXFrameworksBuildPhase section */
		E59C299A22365D3B00F28A90 /* Frameworks */ = {
			isa = PBXFrameworksBuildPhase;
			buildActionMask = 2147483647;
			files = (
				E53DA5E723F44DD9000D0914 /* Pods_Chai.framework in Frameworks */,
			);
			runOnlyForDeploymentPostprocessing = 0;
		};
		E59C29B022365D3D00F28A90 /* Frameworks */ = {
			isa = PBXFrameworksBuildPhase;
			buildActionMask = 2147483647;
			files = (
				C14364320B82766E8C00609B /* Pods_ChaiTests.framework in Frameworks */,
			);
			runOnlyForDeploymentPostprocessing = 0;
		};
/* End PBXFrameworksBuildPhase section */

/* Begin PBXGroup section */
		71DDB1B960882B3974794DFF /* Pods */ = {
			isa = PBXGroup;
			children = (
				53A41775A048AFF0E202A9FF /* Pods-Chai.debug.xcconfig */,
				56050B1AFB5429D90ED038A5 /* Pods-Chai.release.xcconfig */,
				F8547553B9CEDD6FC06D9E3B /* Pods-ChaiTests.debug.xcconfig */,
				1C914FA4A4961069AC18A71C /* Pods-ChaiTests.release.xcconfig */,
			);
			name = Pods;
			sourceTree = "<group>";
		};
		821F4327D233744D51BF692C /* Frameworks */ = {
			isa = PBXGroup;
			children = (
				E53DA5E323F44DC4000D0914 /* Aardvark.framework */,
				E47E968F9BF2E24220D64EAA /* Pods_Chai.framework */,
				4942ECA67895B00322F6590D /* Pods_ChaiTests.framework */,
			);
			name = Frameworks;
			sourceTree = "<group>";
		};
		E52E846523F2C23F00B6591A /* Money */ = {
			isa = PBXGroup;
			children = (
				E52E848823F413A000B6591A /* PrepaidElectricity */,
				E52E846723F2C25800B6591A /* Savings */,
				E52E846623F2C24C00B6591A /* DebitOrders */,
			);
			path = Money;
			sourceTree = "<group>";
		};
		E52E846623F2C24C00B6591A /* DebitOrders */ = {
			isa = PBXGroup;
			children = (
				E52E846823F2C26A00B6591A /* DebitOrderViewController.swift */,
				E52E846C23F2C29E00B6591A /* DebitOrderView.swift */,
				E52E846E23F2C55F00B6591A /* DebitOrderCell.swift */,
			);
			path = DebitOrders;
			sourceTree = "<group>";
		};
		E52E846723F2C25800B6591A /* Savings */ = {
			isa = PBXGroup;
			children = (
				E52E846A23F2C28F00B6591A /* SavingsController.swift */,
				E53DA63C23F50D41000D0914 /* SavingsView.swift */,
				E53DA64423F5192A000D0914 /* SavingsCell.swift */,
			);
			path = Savings;
			sourceTree = "<group>";
		};
		E52E847823F2D0F400B6591A /* API */ = {
			isa = PBXGroup;
			children = (
				E52E848623F4078700B6591A /* APIService.swift */,
				E52E847923F2D11000B6591A /* DebitOrderDataService.swift */,
				E52E848B23F4140E00B6591A /* PrepaidElectricityDataService.swift */,
				E53DA63E23F50ED7000D0914 /* SavingsAPIService.swift */,
			);
			path = API;
			sourceTree = "<group>";
		};
		E52E847D23F2FCFE00B6591A /* LoadingCells */ = {
			isa = PBXGroup;
			children = (
				E52E847E23F2FD1900B6591A /* LoadingTableCell.swift */,
			);
			path = LoadingCells;
			sourceTree = "<group>";
		};
		E52E848823F413A000B6591A /* PrepaidElectricity */ = {
			isa = PBXGroup;
			children = (
				E52E848923F413BC00B6591A /* PrepaidElectricityController.swift */,
				E52E848F23F41A3C00B6591A /* PrepaidElectricityView.swift */,
				E52E849323F41E8000B6591A /* PrepaidElectricityCell.swift */,
			);
			path = PrepaidElectricity;
			sourceTree = "<group>";
		};
		E585F3D1223AF5EF00AC012B /* Main */ = {
			isa = PBXGroup;
			children = (
				E5B5157822CDC01F00B36BE3 /* MainController.swift */,
				E585F3D4223AF60B00AC012B /* MainView.swift */,
			);
			path = Main;
			sourceTree = "<group>";
		};
		E59C299422365D3B00F28A90 = {
			isa = PBXGroup;
			children = (
				E59C299F22365D3B00F28A90 /* Chai */,
				E59C29B622365D3D00F28A90 /* ChaiTests */,
				E59C299E22365D3B00F28A90 /* Products */,
				71DDB1B960882B3974794DFF /* Pods */,
				821F4327D233744D51BF692C /* Frameworks */,
			);
			sourceTree = "<group>";
		};
		E59C299E22365D3B00F28A90 /* Products */ = {
			isa = PBXGroup;
			children = (
				E59C299D22365D3B00F28A90 /* Chai.app */,
				E59C29B322365D3D00F28A90 /* ChaiTests.xctest */,
			);
			name = Products;
			sourceTree = "<group>";
		};
		E59C299F22365D3B00F28A90 /* Chai */ = {
			isa = PBXGroup;
			children = (
				E5B515B622D4ADF100B36BE3 /* Data */,
				E5B515AC22D386E600B36BE3 /* Services */,
				E5B5158322CE707900B36BE3 /* Resources */,
				E5B5157A22CDC05D00B36BE3 /* Views */,
				E59C29D222368B9B00F28A90 /* Models */,
				E59C29C9223665D600F28A90 /* Helpers */,
				E59C29C322365F3900F28A90 /* Controllers */,
				E59C29A022365D3B00F28A90 /* AppDelegate.swift */,
				E59C29A622365D3C00F28A90 /* Main.storyboard */,
				E59C29A922365D3D00F28A90 /* Assets.xcassets */,
				E59C29AB22365D3D00F28A90 /* LaunchScreen.storyboard */,
				E59C29AE22365D3D00F28A90 /* Info.plist */,
			);
			path = Chai;
			sourceTree = "<group>";
		};
		E59C29B622365D3D00F28A90 /* ChaiTests */ = {
			isa = PBXGroup;
			children = (
				E5B866F822DE5483008427B6 /* ReminderContextTests.swift */,
				E59C29B722365D3D00F28A90 /* ChaiTests.swift */,
				E59C29B922365D3D00F28A90 /* Info.plist */,
			);
			path = ChaiTests;
			sourceTree = "<group>";
		};
		E59C29C322365F3900F28A90 /* Controllers */ = {
			isa = PBXGroup;
			children = (
				E52E846523F2C23F00B6591A /* Money */,
				E5BB545622D6228600206F82 /* Attention */,
				E585F3D1223AF5EF00AC012B /* Main */,
				E5B515AF22D392C800B36BE3 /* Mood */,
			);
			path = Controllers;
			sourceTree = "<group>";
		};
		E59C29C9223665D600F28A90 /* Helpers */ = {
			isa = PBXGroup;
			children = (
				E5B5157F22CDC1CC00B36BE3 /* Extensions */,
				E59C29D022368B1000F28A90 /* StyleHelper.swift */,
				E52E848223F404DC00B6591A /* NumberHelper.swift */,
			);
			path = Helpers;
			sourceTree = "<group>";
		};
		E59C29D222368B9B00F28A90 /* Models */ = {
			isa = PBXGroup;
			children = (
				E5B515B922D4BBEE00B36BE3 /* BaseObject.swift */,
				E5B515BD22D4D49C00B36BE3 /* MoodCategory.swift */,
				E5B515BF22D4DA0300B36BE3 /* Mood.swift */,
				E5BB546322D6543300206F82 /* AttentionType.swift */,
				E52E847423F2C7C500B6591A /* DebitOrder.swift */,
				E52E848D23F414DF00B6591A /* PrepaidElectricity.swift */,
				E53DA64023F50FC3000D0914 /* Saving.swift */,
			);
			path = Models;
			sourceTree = "<group>";
		};
		E5B5157A22CDC05D00B36BE3 /* Views */ = {
			isa = PBXGroup;
			children = (
				E52E847D23F2FCFE00B6591A /* LoadingCells */,
				E5B515A722D37E0E00B36BE3 /* EmptyCells */,
				E5B5158E22CF228700B36BE3 /* Templates */,
				E5B5157B22CDC06800B36BE3 /* Buttons */,
				E59C29CA223665E400F28A90 /* BaseViewController.swift */,
				E59C29CC2236667F00F28A90 /* BaseView.swift */,
				E52E847023F2C59200B6591A /* BaseTableViewCell.swift */,
			);
			path = Views;
			sourceTree = "<group>";
		};
		E5B5157B22CDC06800B36BE3 /* Buttons */ = {
			isa = PBXGroup;
			children = (
				E5B5157C22CDC07600B36BE3 /* AppButton.swift */,
			);
			path = Buttons;
			sourceTree = "<group>";
		};
		E5B5157F22CDC1CC00B36BE3 /* Extensions */ = {
			isa = PBXGroup;
			children = (
				E5B5158022CDC1FD00B36BE3 /* UIView+App.swift */,
				E59C29D522368D9B00F28A90 /* Array+App.swift */,
				E5B515B422D49DD100B36BE3 /* Date+App.swift */,
				E5BB546522D6675200206F82 /* UIEdgeInsets+App.swift */,
				E5BB546922D76A0300206F82 /* String+Kalido.swift */,
				E52E848023F4045600B6591A /* NumberFormatter+App.swift */,
				E53DA64623F52470000D0914 /* UIColor+App.swift */,
				E53DA64C23F53625000D0914 /* CGSize+App.swift */,
			);
			path = Extensions;
			sourceTree = "<group>";
		};
		E5B5158322CE707900B36BE3 /* Resources */ = {
			isa = PBXGroup;
			children = (
				E5B5158522CE709500B36BE3 /* Images */,
				E5B5158422CE708700B36BE3 /* Strings */,
			);
			path = Resources;
			sourceTree = "<group>";
		};
		E5B5158422CE708700B36BE3 /* Strings */ = {
			isa = PBXGroup;
			children = (
				E5B5158822CE70D200B36BE3 /* Localizable.strings */,
				E52E012D23F14563001D48F5 /* R.generated.swift */,
			);
			path = Strings;
			sourceTree = "<group>";
		};
		E5B5158522CE709500B36BE3 /* Images */ = {
			isa = PBXGroup;
			children = (
				E5B5158622CE70BE00B36BE3 /* Media.xcassets */,
			);
			path = Images;
			sourceTree = "<group>";
		};
		E5B5158E22CF228700B36BE3 /* Templates */ = {
			isa = PBXGroup;
			children = (
				E5B515A422D37A4600B36BE3 /* Buttons */,
				E52E847623F2CF2200B6591A /* AppCardView.swift */,
				E53DA65023F5389A000D0914 /* TotalSummaryView.swift */,
			);
			path = Templates;
			sourceTree = "<group>";
		};
		E5B515A422D37A4600B36BE3 /* Buttons */ = {
			isa = PBXGroup;
			children = (
				E5B5158F22CF22A000B36BE3 /* AcceptCancelButtonView.swift */,
			);
			path = Buttons;
			sourceTree = "<group>";
		};
		E5B515A722D37E0E00B36BE3 /* EmptyCells */ = {
			isa = PBXGroup;
			children = (
				E5BB545F22D637D900206F82 /* BlankCollectionCell.swift */,
				E5B515A822D37E2000B36BE3 /* BlankTableCell.swift */,
			);
			path = EmptyCells;
			sourceTree = "<group>";
		};
		E5B515AC22D386E600B36BE3 /* Services */ = {
			isa = PBXGroup;
			children = (
				E52E847823F2D0F400B6591A /* API */,
				E5B515AD22D386F800B36BE3 /* BannerService.swift */,
				E5C760CC232F64010001886C /* BaseService.swift */,
				E5C760CE232F645C0001886C /* LoggingService.swift */,
				E5C760D0232F64910001886C /* CrashService.swift */,
			);
			path = Services;
			sourceTree = "<group>";
		};
		E5B515AF22D392C800B36BE3 /* Mood */ = {
			isa = PBXGroup;
			children = (
				E5B515B022D392DA00B36BE3 /* MoodViewController.swift */,
				E5B515B222D392EA00B36BE3 /* MoodView.swift */,
			);
			path = Mood;
			sourceTree = "<group>";
		};
		E5B515B622D4ADF100B36BE3 /* Data */ = {
			isa = PBXGroup;
			children = (
				E5B515B722D4AE0000B36BE3 /* DBManager.swift */,
				E5B515BB22D4C99000B36BE3 /* MigrationService.swift */,
				E5BB545D22D6328800206F82 /* MoodContext.swift */,
				E52E847B23F2D14E00B6591A /* DebitOrderContext.swift */,
				E52E849123F41C8800B6591A /* PrepaidElectricityContext.swift */,
				E53DA63623F491AF000D0914 /* BaseDataProvider.swift */,
				E53DA63823F497BA000D0914 /* ProviderQueryOptions.swift */,
				E53DA63A23F49AA6000D0914 /* DataProviderBindTarget.swift */,
				E53DA64223F510E2000D0914 /* SavingContext.swift */,
			);
			name = Data;
			path = "New Group";
			sourceTree = "<group>";
		};
		E5BB545622D6228600206F82 /* Attention */ = {
			isa = PBXGroup;
			children = (
				E5BB545722D6229600206F82 /* AttentionViewController.swift */,
				E5BB545922D622A100206F82 /* AttentionView.swift */,
			);
			path = Attention;
			sourceTree = "<group>";
		};
/* End PBXGroup section */

/* Begin PBXNativeTarget section */
		E59C299C22365D3B00F28A90 /* Chai */ = {
			isa = PBXNativeTarget;
			buildConfigurationList = E59C29BC22365D3D00F28A90 /* Build configuration list for PBXNativeTarget "Chai" */;
			buildPhases = (
				C0CEF5D0CF66AD23F856B3B4 /* [CP] Check Pods Manifest.lock */,
				E5B5158222CE6E7E00B36BE3 /* ShellScript */,
				E59C299922365D3B00F28A90 /* Sources */,
				E59C299A22365D3B00F28A90 /* Frameworks */,
				E59C299B22365D3B00F28A90 /* Resources */,
				800A8E67CF05368D75CECBC2 /* [CP] Embed Pods Frameworks */,
			);
			buildRules = (
			);
			dependencies = (
			);
			name = Chai;
			productName = Chai;
			productReference = E59C299D22365D3B00F28A90 /* Chai.app */;
			productType = "com.apple.product-type.application";
		};
		E59C29B222365D3D00F28A90 /* ChaiTests */ = {
			isa = PBXNativeTarget;
			buildConfigurationList = E59C29BF22365D3D00F28A90 /* Build configuration list for PBXNativeTarget "ChaiTests" */;
			buildPhases = (
				50665467C48B97221ED04428 /* [CP] Check Pods Manifest.lock */,
				E59C29AF22365D3D00F28A90 /* Sources */,
				E59C29B022365D3D00F28A90 /* Frameworks */,
				E59C29B122365D3D00F28A90 /* Resources */,
			);
			buildRules = (
			);
			dependencies = (
				E59C29B522365D3D00F28A90 /* PBXTargetDependency */,
			);
			name = ChaiTests;
			productName = ChaiTests;
			productReference = E59C29B322365D3D00F28A90 /* ChaiTests.xctest */;
			productType = "com.apple.product-type.bundle.unit-test";
		};
/* End PBXNativeTarget section */

/* Begin PBXProject section */
		E59C299522365D3B00F28A90 /* Project object */ = {
			isa = PBXProject;
			attributes = {
				LastSwiftUpdateCheck = 1010;
				LastUpgradeCheck = 1010;
				ORGANIZATIONNAME = "Chad Garrett";
				TargetAttributes = {
					E59C299C22365D3B00F28A90 = {
						CreatedOnToolsVersion = 10.1;
					};
					E59C29B222365D3D00F28A90 = {
						CreatedOnToolsVersion = 10.1;
						LastSwiftMigration = 1020;
						TestTargetID = E59C299C22365D3B00F28A90;
					};
				};
			};
			buildConfigurationList = E59C299822365D3B00F28A90 /* Build configuration list for PBXProject "Chai" */;
			compatibilityVersion = "Xcode 9.3";
			developmentRegion = en;
			hasScannedForEncodings = 0;
			knownRegions = (
				en,
				Base,
			);
			mainGroup = E59C299422365D3B00F28A90;
			productRefGroup = E59C299E22365D3B00F28A90 /* Products */;
			projectDirPath = "";
			projectRoot = "";
			targets = (
				E59C299C22365D3B00F28A90 /* Chai */,
				E59C29B222365D3D00F28A90 /* ChaiTests */,
			);
		};
/* End PBXProject section */

/* Begin PBXResourcesBuildPhase section */
		E59C299B22365D3B00F28A90 /* Resources */ = {
			isa = PBXResourcesBuildPhase;
			buildActionMask = 2147483647;
			files = (
				E5B5158922CE70D200B36BE3 /* Localizable.strings in Resources */,
				E59C29AD22365D3D00F28A90 /* LaunchScreen.storyboard in Resources */,
				E59C29AA22365D3D00F28A90 /* Assets.xcassets in Resources */,
				E5B5158722CE70BE00B36BE3 /* Media.xcassets in Resources */,
				E59C29A822365D3C00F28A90 /* Main.storyboard in Resources */,
			);
			runOnlyForDeploymentPostprocessing = 0;
		};
		E59C29B122365D3D00F28A90 /* Resources */ = {
			isa = PBXResourcesBuildPhase;
			buildActionMask = 2147483647;
			files = (
			);
			runOnlyForDeploymentPostprocessing = 0;
		};
/* End PBXResourcesBuildPhase section */

/* Begin PBXShellScriptBuildPhase section */
		50665467C48B97221ED04428 /* [CP] Check Pods Manifest.lock */ = {
			isa = PBXShellScriptBuildPhase;
			buildActionMask = 2147483647;
			files = (
			);
			inputPaths = (
				"${PODS_PODFILE_DIR_PATH}/Podfile.lock",
				"${PODS_ROOT}/Manifest.lock",
			);
			name = "[CP] Check Pods Manifest.lock";
			outputPaths = (
				"$(DERIVED_FILE_DIR)/Pods-ChaiTests-checkManifestLockResult.txt",
			);
			runOnlyForDeploymentPostprocessing = 0;
			shellPath = /bin/sh;
			shellScript = "diff \"${PODS_PODFILE_DIR_PATH}/Podfile.lock\" \"${PODS_ROOT}/Manifest.lock\" > /dev/null\nif [ $? != 0 ] ; then\n    # print error to STDERR\n    echo \"error: The sandbox is not in sync with the Podfile.lock. Run 'pod install' or update your CocoaPods installation.\" >&2\n    exit 1\nfi\n# This output is used by Xcode 'outputs' to avoid re-running this script phase.\necho \"SUCCESS\" > \"${SCRIPT_OUTPUT_FILE_0}\"\n";
			showEnvVarsInLog = 0;
		};
		800A8E67CF05368D75CECBC2 /* [CP] Embed Pods Frameworks */ = {
			isa = PBXShellScriptBuildPhase;
			buildActionMask = 2147483647;
			files = (
			);
			inputFileListPaths = (
				"${PODS_ROOT}/Target Support Files/Pods-Chai/Pods-Chai-frameworks-${CONFIGURATION}-input-files.xcfilelist",
			);
			name = "[CP] Embed Pods Frameworks";
			outputFileListPaths = (
				"${PODS_ROOT}/Target Support Files/Pods-Chai/Pods-Chai-frameworks-${CONFIGURATION}-output-files.xcfilelist",
			);
			runOnlyForDeploymentPostprocessing = 0;
			shellPath = /bin/sh;
			shellScript = "\"${PODS_ROOT}/Target Support Files/Pods-Chai/Pods-Chai-frameworks.sh\"\n";
			showEnvVarsInLog = 0;
		};
		C0CEF5D0CF66AD23F856B3B4 /* [CP] Check Pods Manifest.lock */ = {
			isa = PBXShellScriptBuildPhase;
			buildActionMask = 2147483647;
			files = (
			);
			inputPaths = (
				"${PODS_PODFILE_DIR_PATH}/Podfile.lock",
				"${PODS_ROOT}/Manifest.lock",
			);
			name = "[CP] Check Pods Manifest.lock";
			outputPaths = (
				"$(DERIVED_FILE_DIR)/Pods-Chai-checkManifestLockResult.txt",
			);
			runOnlyForDeploymentPostprocessing = 0;
			shellPath = /bin/sh;
			shellScript = "diff \"${PODS_PODFILE_DIR_PATH}/Podfile.lock\" \"${PODS_ROOT}/Manifest.lock\" > /dev/null\nif [ $? != 0 ] ; then\n    # print error to STDERR\n    echo \"error: The sandbox is not in sync with the Podfile.lock. Run 'pod install' or update your CocoaPods installation.\" >&2\n    exit 1\nfi\n# This output is used by Xcode 'outputs' to avoid re-running this script phase.\necho \"SUCCESS\" > \"${SCRIPT_OUTPUT_FILE_0}\"\n";
			showEnvVarsInLog = 0;
		};
		E5B5158222CE6E7E00B36BE3 /* ShellScript */ = {
			isa = PBXShellScriptBuildPhase;
			buildActionMask = 2147483647;
			files = (
			);
			inputPaths = (
				"$TEMP_DIR/rswift-lastrun",
			);
			outputPaths = (
				$SRCROOT/R.generated.swift,
			);
			runOnlyForDeploymentPostprocessing = 0;
			shellPath = /bin/sh;
			shellScript = "\"$PODS_ROOT/R.swift/rswift\" generate \"$SRCROOT/R.generated.swift\"\n";
		};
/* End PBXShellScriptBuildPhase section */

/* Begin PBXSourcesBuildPhase section */
		E59C299922365D3B00F28A90 /* Sources */ = {
			isa = PBXSourcesBuildPhase;
			buildActionMask = 2147483647;
			files = (
				E53DA64523F5192A000D0914 /* SavingsCell.swift in Sources */,
				E52E848C23F4140E00B6591A /* PrepaidElectricityDataService.swift in Sources */,
				E53DA63723F491AF000D0914 /* BaseDataProvider.swift in Sources */,
				E5BB546422D6543300206F82 /* AttentionType.swift in Sources */,
				E59C29CB223665E400F28A90 /* BaseViewController.swift in Sources */,
				E5B5159022CF22A000B36BE3 /* AcceptCancelButtonView.swift in Sources */,
				E52E847523F2C7C500B6591A /* DebitOrder.swift in Sources */,
				E53DA64123F50FC3000D0914 /* Saving.swift in Sources */,
				E5B515B322D392EA00B36BE3 /* MoodView.swift in Sources */,
				E52E846F23F2C55F00B6591A /* DebitOrderCell.swift in Sources */,
				E52E846D23F2C29E00B6591A /* DebitOrderView.swift in Sources */,
				E5B515BA22D4BBEE00B36BE3 /* BaseObject.swift in Sources */,
				E59C29D122368B1000F28A90 /* StyleHelper.swift in Sources */,
				E52E849423F41E8000B6591A /* PrepaidElectricityCell.swift in Sources */,
				E53DA64D23F53625000D0914 /* CGSize+App.swift in Sources */,
				E52E846923F2C26A00B6591A /* DebitOrderViewController.swift in Sources */,
				E52E849223F41C8800B6591A /* PrepaidElectricityContext.swift in Sources */,
				E5C760CD232F64010001886C /* BaseService.swift in Sources */,
				E53DA64723F52470000D0914 /* UIColor+App.swift in Sources */,
				E52E847A23F2D11000B6591A /* DebitOrderDataService.swift in Sources */,
				E52E848123F4045600B6591A /* NumberFormatter+App.swift in Sources */,
				E5B5157922CDC01F00B36BE3 /* MainController.swift in Sources */,
				E52E847723F2CF2200B6591A /* AppCardView.swift in Sources */,
				E5BB546022D637D900206F82 /* BlankCollectionCell.swift in Sources */,
				E53DA64323F510E2000D0914 /* SavingContext.swift in Sources */,
				E53DA63B23F49AA6000D0914 /* DataProviderBindTarget.swift in Sources */,
				E585F3D5223AF60B00AC012B /* MainView.swift in Sources */,
				E5B515C022D4DA0300B36BE3 /* Mood.swift in Sources */,
				E5B515A922D37E2000B36BE3 /* BlankTableCell.swift in Sources */,
				E53DA63F23F50ED7000D0914 /* SavingsAPIService.swift in Sources */,
				E53DA63D23F50D41000D0914 /* SavingsView.swift in Sources */,
				E5B5157D22CDC07600B36BE3 /* AppButton.swift in Sources */,
				E52E846B23F2C28F00B6591A /* SavingsController.swift in Sources */,
				E5B515BE22D4D49C00B36BE3 /* MoodCategory.swift in Sources */,
				E53DA65123F5389A000D0914 /* TotalSummaryView.swift in Sources */,
				E59C29CD2236667F00F28A90 /* BaseView.swift in Sources */,
				E59C29A122365D3B00F28A90 /* AppDelegate.swift in Sources */,
				E5B5158122CDC1FD00B36BE3 /* UIView+App.swift in Sources */,
				E52E848323F404DC00B6591A /* NumberHelper.swift in Sources */,
				E5BB546622D6675200206F82 /* UIEdgeInsets+App.swift in Sources */,
				E52E848A23F413BC00B6591A /* PrepaidElectricityController.swift in Sources */,
				E5C760CF232F645C0001886C /* LoggingService.swift in Sources */,
				E5BB546A22D76A0300206F82 /* String+Kalido.swift in Sources */,
				E52E848723F4078700B6591A /* APIService.swift in Sources */,
				E59C29D622368D9B00F28A90 /* Array+App.swift in Sources */,
				E5B515B122D392DA00B36BE3 /* MoodViewController.swift in Sources */,
				E52E847C23F2D14E00B6591A /* DebitOrderContext.swift in Sources */,
				E52E849023F41A3C00B6591A /* PrepaidElectricityView.swift in Sources */,
				E5B515BC22D4C99000B36BE3 /* MigrationService.swift in Sources */,
				E5B515B822D4AE0000B36BE3 /* DBManager.swift in Sources */,
				E53DA63923F497BA000D0914 /* ProviderQueryOptions.swift in Sources */,
				E52E847123F2C59200B6591A /* BaseTableViewCell.swift in Sources */,
				E52E847F23F2FD1900B6591A /* LoadingTableCell.swift in Sources */,
				E52E848E23F414DF00B6591A /* PrepaidElectricity.swift in Sources */,
				E5C760D1232F64910001886C /* CrashService.swift in Sources */,
				E52E012E23F14563001D48F5 /* R.generated.swift in Sources */,
				E5BB545822D6229600206F82 /* AttentionViewController.swift in Sources */,
				E5BB545E22D6328800206F82 /* MoodContext.swift in Sources */,
				E5B515B522D49DD100B36BE3 /* Date+App.swift in Sources */,
				E5B515AE22D386F800B36BE3 /* BannerService.swift in Sources */,
				E5BB545A22D622A100206F82 /* AttentionView.swift in Sources */,
			);
			runOnlyForDeploymentPostprocessing = 0;
		};
		E59C29AF22365D3D00F28A90 /* Sources */ = {
			isa = PBXSourcesBuildPhase;
			buildActionMask = 2147483647;
			files = (
				E59C29B822365D3D00F28A90 /* ChaiTests.swift in Sources */,
				E5B866F922DE5483008427B6 /* ReminderContextTests.swift in Sources */,
			);
			runOnlyForDeploymentPostprocessing = 0;
		};
/* End PBXSourcesBuildPhase section */

/* Begin PBXTargetDependency section */
		E59C29B522365D3D00F28A90 /* PBXTargetDependency */ = {
			isa = PBXTargetDependency;
			target = E59C299C22365D3B00F28A90 /* Chai */;
			targetProxy = E59C29B422365D3D00F28A90 /* PBXContainerItemProxy */;
		};
/* End PBXTargetDependency section */

/* Begin PBXVariantGroup section */
		E59C29A622365D3C00F28A90 /* Main.storyboard */ = {
			isa = PBXVariantGroup;
			children = (
				E59C29A722365D3C00F28A90 /* Base */,
			);
			name = Main.storyboard;
			sourceTree = "<group>";
		};
		E59C29AB22365D3D00F28A90 /* LaunchScreen.storyboard */ = {
			isa = PBXVariantGroup;
			children = (
				E59C29AC22365D3D00F28A90 /* Base */,
			);
			name = LaunchScreen.storyboard;
			sourceTree = "<group>";
		};
/* End PBXVariantGroup section */

/* Begin XCBuildConfiguration section */
		E59C29BA22365D3D00F28A90 /* Debug */ = {
			isa = XCBuildConfiguration;
			buildSettings = {
				ALWAYS_SEARCH_USER_PATHS = NO;
				CLANG_ANALYZER_NONNULL = YES;
				CLANG_ANALYZER_NUMBER_OBJECT_CONVERSION = YES_AGGRESSIVE;
				CLANG_CXX_LANGUAGE_STANDARD = "gnu++14";
				CLANG_CXX_LIBRARY = "libc++";
				CLANG_ENABLE_MODULES = YES;
				CLANG_ENABLE_OBJC_ARC = YES;
				CLANG_ENABLE_OBJC_WEAK = YES;
				CLANG_WARN_BLOCK_CAPTURE_AUTORELEASING = YES;
				CLANG_WARN_BOOL_CONVERSION = YES;
				CLANG_WARN_COMMA = YES;
				CLANG_WARN_CONSTANT_CONVERSION = YES;
				CLANG_WARN_DEPRECATED_OBJC_IMPLEMENTATIONS = YES;
				CLANG_WARN_DIRECT_OBJC_ISA_USAGE = YES_ERROR;
				CLANG_WARN_DOCUMENTATION_COMMENTS = YES;
				CLANG_WARN_EMPTY_BODY = YES;
				CLANG_WARN_ENUM_CONVERSION = YES;
				CLANG_WARN_INFINITE_RECURSION = YES;
				CLANG_WARN_INT_CONVERSION = YES;
				CLANG_WARN_NON_LITERAL_NULL_CONVERSION = YES;
				CLANG_WARN_OBJC_IMPLICIT_RETAIN_SELF = YES;
				CLANG_WARN_OBJC_LITERAL_CONVERSION = YES;
				CLANG_WARN_OBJC_ROOT_CLASS = YES_ERROR;
				CLANG_WARN_RANGE_LOOP_ANALYSIS = YES;
				CLANG_WARN_STRICT_PROTOTYPES = YES;
				CLANG_WARN_SUSPICIOUS_MOVE = YES;
				CLANG_WARN_UNGUARDED_AVAILABILITY = YES_AGGRESSIVE;
				CLANG_WARN_UNREACHABLE_CODE = YES;
				CLANG_WARN__DUPLICATE_METHOD_MATCH = YES;
				CODE_SIGN_IDENTITY = "iPhone Developer";
				COPY_PHASE_STRIP = NO;
				DEBUG_INFORMATION_FORMAT = dwarf;
				ENABLE_STRICT_OBJC_MSGSEND = YES;
				ENABLE_TESTABILITY = YES;
				GCC_C_LANGUAGE_STANDARD = gnu11;
				GCC_DYNAMIC_NO_PIC = NO;
				GCC_NO_COMMON_BLOCKS = YES;
				GCC_OPTIMIZATION_LEVEL = 0;
				GCC_PREPROCESSOR_DEFINITIONS = (
					"DEBUG=1",
					"$(inherited)",
				);
				GCC_WARN_64_TO_32_BIT_CONVERSION = YES;
				GCC_WARN_ABOUT_RETURN_TYPE = YES_ERROR;
				GCC_WARN_UNDECLARED_SELECTOR = YES;
				GCC_WARN_UNINITIALIZED_AUTOS = YES_AGGRESSIVE;
				GCC_WARN_UNUSED_FUNCTION = YES;
				GCC_WARN_UNUSED_VARIABLE = YES;
				IPHONEOS_DEPLOYMENT_TARGET = 12.1;
				MTL_ENABLE_DEBUG_INFO = INCLUDE_SOURCE;
				MTL_FAST_MATH = YES;
				ONLY_ACTIVE_ARCH = YES;
				SDKROOT = iphoneos;
				SWIFT_ACTIVE_COMPILATION_CONDITIONS = DEBUG;
				SWIFT_OPTIMIZATION_LEVEL = "-Onone";
			};
			name = Debug;
		};
		E59C29BB22365D3D00F28A90 /* Release */ = {
			isa = XCBuildConfiguration;
			buildSettings = {
				ALWAYS_SEARCH_USER_PATHS = NO;
				CLANG_ANALYZER_NONNULL = YES;
				CLANG_ANALYZER_NUMBER_OBJECT_CONVERSION = YES_AGGRESSIVE;
				CLANG_CXX_LANGUAGE_STANDARD = "gnu++14";
				CLANG_CXX_LIBRARY = "libc++";
				CLANG_ENABLE_MODULES = YES;
				CLANG_ENABLE_OBJC_ARC = YES;
				CLANG_ENABLE_OBJC_WEAK = YES;
				CLANG_WARN_BLOCK_CAPTURE_AUTORELEASING = YES;
				CLANG_WARN_BOOL_CONVERSION = YES;
				CLANG_WARN_COMMA = YES;
				CLANG_WARN_CONSTANT_CONVERSION = YES;
				CLANG_WARN_DEPRECATED_OBJC_IMPLEMENTATIONS = YES;
				CLANG_WARN_DIRECT_OBJC_ISA_USAGE = YES_ERROR;
				CLANG_WARN_DOCUMENTATION_COMMENTS = YES;
				CLANG_WARN_EMPTY_BODY = YES;
				CLANG_WARN_ENUM_CONVERSION = YES;
				CLANG_WARN_INFINITE_RECURSION = YES;
				CLANG_WARN_INT_CONVERSION = YES;
				CLANG_WARN_NON_LITERAL_NULL_CONVERSION = YES;
				CLANG_WARN_OBJC_IMPLICIT_RETAIN_SELF = YES;
				CLANG_WARN_OBJC_LITERAL_CONVERSION = YES;
				CLANG_WARN_OBJC_ROOT_CLASS = YES_ERROR;
				CLANG_WARN_RANGE_LOOP_ANALYSIS = YES;
				CLANG_WARN_STRICT_PROTOTYPES = YES;
				CLANG_WARN_SUSPICIOUS_MOVE = YES;
				CLANG_WARN_UNGUARDED_AVAILABILITY = YES_AGGRESSIVE;
				CLANG_WARN_UNREACHABLE_CODE = YES;
				CLANG_WARN__DUPLICATE_METHOD_MATCH = YES;
				CODE_SIGN_IDENTITY = "iPhone Developer";
				COPY_PHASE_STRIP = NO;
				DEBUG_INFORMATION_FORMAT = "dwarf-with-dsym";
				ENABLE_NS_ASSERTIONS = NO;
				ENABLE_STRICT_OBJC_MSGSEND = YES;
				GCC_C_LANGUAGE_STANDARD = gnu11;
				GCC_NO_COMMON_BLOCKS = YES;
				GCC_WARN_64_TO_32_BIT_CONVERSION = YES;
				GCC_WARN_ABOUT_RETURN_TYPE = YES_ERROR;
				GCC_WARN_UNDECLARED_SELECTOR = YES;
				GCC_WARN_UNINITIALIZED_AUTOS = YES_AGGRESSIVE;
				GCC_WARN_UNUSED_FUNCTION = YES;
				GCC_WARN_UNUSED_VARIABLE = YES;
				IPHONEOS_DEPLOYMENT_TARGET = 12.1;
				MTL_ENABLE_DEBUG_INFO = NO;
				MTL_FAST_MATH = YES;
				SDKROOT = iphoneos;
				SWIFT_COMPILATION_MODE = wholemodule;
				SWIFT_OPTIMIZATION_LEVEL = "-O";
				VALIDATE_PRODUCT = YES;
			};
			name = Release;
		};
		E59C29BD22365D3D00F28A90 /* Debug */ = {
			isa = XCBuildConfiguration;
			baseConfigurationReference = 53A41775A048AFF0E202A9FF /* Pods-Chai.debug.xcconfig */;
			buildSettings = {
				ASSETCATALOG_COMPILER_APPICON_NAME = AppIcon;
				CODE_SIGN_STYLE = Automatic;
				DEVELOPMENT_TEAM = YH4Q7928BQ;
				INFOPLIST_FILE = Chai/Info.plist;
				LD_RUNPATH_SEARCH_PATHS = (
					"$(inherited)",
					"@executable_path/Frameworks",
				);
				PRODUCT_BUNDLE_IDENTIFIER = com.chadgarrett.Chai;
				PRODUCT_NAME = "$(TARGET_NAME)";
				SWIFT_VERSION = 4.2;
				TARGETED_DEVICE_FAMILY = "1,2";
			};
			name = Debug;
		};
		E59C29BE22365D3D00F28A90 /* Release */ = {
			isa = XCBuildConfiguration;
			baseConfigurationReference = 56050B1AFB5429D90ED038A5 /* Pods-Chai.release.xcconfig */;
			buildSettings = {
				ASSETCATALOG_COMPILER_APPICON_NAME = AppIcon;
				CODE_SIGN_STYLE = Automatic;
				DEVELOPMENT_TEAM = YH4Q7928BQ;
				INFOPLIST_FILE = Chai/Info.plist;
				LD_RUNPATH_SEARCH_PATHS = (
					"$(inherited)",
					"@executable_path/Frameworks",
				);
				PRODUCT_BUNDLE_IDENTIFIER = com.chadgarrett.Chai;
				PRODUCT_NAME = "$(TARGET_NAME)";
				SWIFT_VERSION = 4.2;
				TARGETED_DEVICE_FAMILY = "1,2";
			};
			name = Release;
		};
		E59C29C022365D3D00F28A90 /* Debug */ = {
			isa = XCBuildConfiguration;
			baseConfigurationReference = F8547553B9CEDD6FC06D9E3B /* Pods-ChaiTests.debug.xcconfig */;
			buildSettings = {
				ALWAYS_EMBED_SWIFT_STANDARD_LIBRARIES = YES;
				BUNDLE_LOADER = "$(TEST_HOST)";
				CODE_SIGN_STYLE = Automatic;
				DEVELOPMENT_TEAM = YH4Q7928BQ;
				INFOPLIST_FILE = ChaiTests/Info.plist;
				LD_RUNPATH_SEARCH_PATHS = (
					"$(inherited)",
					"@executable_path/Frameworks",
					"@loader_path/Frameworks",
				);
				PRODUCT_BUNDLE_IDENTIFIER = com.chadgarrett.ChaiTests;
				PRODUCT_NAME = "$(TARGET_NAME)";
				SWIFT_VERSION = 5.0;
				TARGETED_DEVICE_FAMILY = "1,2";
				TEST_HOST = "$(BUILT_PRODUCTS_DIR)/Chai.app/Chai";
			};
			name = Debug;
		};
		E59C29C122365D3D00F28A90 /* Release */ = {
			isa = XCBuildConfiguration;
			baseConfigurationReference = 1C914FA4A4961069AC18A71C /* Pods-ChaiTests.release.xcconfig */;
			buildSettings = {
				ALWAYS_EMBED_SWIFT_STANDARD_LIBRARIES = YES;
				BUNDLE_LOADER = "$(TEST_HOST)";
				CODE_SIGN_STYLE = Automatic;
				DEVELOPMENT_TEAM = YH4Q7928BQ;
				INFOPLIST_FILE = ChaiTests/Info.plist;
				LD_RUNPATH_SEARCH_PATHS = (
					"$(inherited)",
					"@executable_path/Frameworks",
					"@loader_path/Frameworks",
				);
				PRODUCT_BUNDLE_IDENTIFIER = com.chadgarrett.ChaiTests;
				PRODUCT_NAME = "$(TARGET_NAME)";
				SWIFT_VERSION = 5.0;
				TARGETED_DEVICE_FAMILY = "1,2";
				TEST_HOST = "$(BUILT_PRODUCTS_DIR)/Chai.app/Chai";
			};
			name = Release;
		};
/* End XCBuildConfiguration section */

/* Begin XCConfigurationList section */
		E59C299822365D3B00F28A90 /* Build configuration list for PBXProject "Chai" */ = {
			isa = XCConfigurationList;
			buildConfigurations = (
				E59C29BA22365D3D00F28A90 /* Debug */,
				E59C29BB22365D3D00F28A90 /* Release */,
			);
			defaultConfigurationIsVisible = 0;
			defaultConfigurationName = Release;
		};
		E59C29BC22365D3D00F28A90 /* Build configuration list for PBXNativeTarget "Chai" */ = {
			isa = XCConfigurationList;
			buildConfigurations = (
				E59C29BD22365D3D00F28A90 /* Debug */,
				E59C29BE22365D3D00F28A90 /* Release */,
			);
			defaultConfigurationIsVisible = 0;
			defaultConfigurationName = Release;
		};
		E59C29BF22365D3D00F28A90 /* Build configuration list for PBXNativeTarget "ChaiTests" */ = {
			isa = XCConfigurationList;
			buildConfigurations = (
				E59C29C022365D3D00F28A90 /* Debug */,
				E59C29C122365D3D00F28A90 /* Release */,
			);
			defaultConfigurationIsVisible = 0;
			defaultConfigurationName = Release;
		};
/* End XCConfigurationList section */
	};
	rootObject = E59C299522365D3B00F28A90 /* Project object */;
}
